
Microsoft Visual Studio Solution File, Format Version 12.00
# Visual Studio Version 17
VisualStudioVersion = 17.0.32126.317
MinimumVisualStudioVersion = 10.0.40219.1
Project("{FAE04EC0-301F-11D3-BF4B-00C04F79EFBC}") = "C Sharp", "C Sharp\C Sharp.csproj", "{EC5A58BC-5C37-461E-88EB-5F2B8FAA0ADA}"
EndProject
Global
	GlobalSection(SolutionConfigurationPlatforms) = preSolution
		Debug|Any CPU = Debug|Any CPU
		Release|Any CPU = Release|Any CPU
	EndGlobalSection
	GlobalSection(ProjectConfigurationPlatforms) = postSolution
		{EC5A58BC-5C37-461E-88EB-5F2B8FAA0ADA}.Debug|Any CPU.ActiveCfg = Debug|Any CPU
		{EC5A58BC-5C37-461E-88EB-5F2B8FAA0ADA}.Debug|Any CPU.Build.0 = Debug|Any CPU
		{EC5A58BC-5C37-461E-88EB-5F2B8FAA0ADA}.Release|Any CPU.ActiveCfg = Release|Any CPU
		{EC5A58BC-5C37-461E-88EB-5F2B8FAA0ADA}.Release|Any CPU.Build.0 = Release|Any CPU
	EndGlobalSection
	GlobalSection(SolutionProperties) = preSolution
		HideSolutionNode = FALSE
	EndGlobalSection
	GlobalSection(ExtensibilityGlobals) = postSolution
		SolutionGuid = {651C0CEF-DB97-43CA-B242-FE8F244FA3F3}
	EndGlobalSection
EndGlobal
