
Microsoft Visual Studio Solution File, Format Version 12.00
# Visual Studio Version 17
VisualStudioVersion = 17.0.32126.317
MinimumVisualStudioVersion = 10.0.40219.1
Project("{9A19103F-16F7-4668-BE54-9A1E7A4F7556}") = "DataStructures", "MaxHeapTree\DataStructures.csproj", "{CD16BAB8-BB24-4984-92B2-0AE23B8252B2}"
EndProject
Global
	GlobalSection(SolutionConfigurationPlatforms) = preSolution
		Debug|Any CPU = Debug|Any CPU
		Release|Any CPU = Release|Any CPU
	EndGlobalSection
	GlobalSection(ProjectConfigurationPlatforms) = postSolution
		{CD16BAB8-BB24-4984-92B2-0AE23B8252B2}.Debug|Any CPU.ActiveCfg = Debug|Any CPU
		{CD16BAB8-BB24-4984-92B2-0AE23B8252B2}.Debug|Any CPU.Build.0 = Debug|Any CPU
		{CD16BAB8-BB24-4984-92B2-0AE23B8252B2}.Release|Any CPU.ActiveCfg = Release|Any CPU
		{CD16BAB8-BB24-4984-92B2-0AE23B8252B2}.Release|Any CPU.Build.0 = Release|Any CPU
	EndGlobalSection
	GlobalSection(SolutionProperties) = preSolution
		HideSolutionNode = FALSE
	EndGlobalSection
	GlobalSection(ExtensibilityGlobals) = postSolution
		SolutionGuid = {32B875CF-64D3-47CF-8182-0E73E4EE5E54}
	EndGlobalSection
EndGlobal
